
Microsoft Visual Studio Solution File, Format Version 12.00
# Visual Studio Version 17
VisualStudioVersion = 17.3.32922.545
MinimumVisualStudioVersion = 10.0.40219.1
Project("{FAE04EC0-301F-11D3-BF4B-00C04F79EFBC}") = "WebShopDemo", "WebShopDemo\WebShopDemo.csproj", "{149ABBD3-756E-4E85-9778-FF8E65722733}"
EndProject
Project("{FAE04EC0-301F-11D3-BF4B-00C04F79EFBC}") = "WebShopDemo.Core", "WebShopDemo.Core\WebShopDemo.Core.csproj", "{8B352C3E-5763-4A0C-93DA-49FC1CEB77C6}"
EndProject
Project("{FAE04EC0-301F-11D3-BF4B-00C04F79EFBC}") = "WebShopDemo.Api", "WebShopDemo.Api\WebShopDemo.Api.csproj", "{A3FEF1FE-33F9-4FD1-ACBB-610E5DFD3050}"
EndProject
Project("{FAE04EC0-301F-11D3-BF4B-00C04F79EFBC}") = "WebShopDemo.Grpc", "WebShopDemo.Grpc\WebShopDemo.Grpc.csproj", "{CCA5FC42-4D67-4AF1-9B3B-722E9FA08714}"
EndProject
Global
	GlobalSection(SolutionConfigurationPlatforms) = preSolution
		Debug|Any CPU = Debug|Any CPU
		Release|Any CPU = Release|Any CPU
	EndGlobalSection
	GlobalSection(ProjectConfigurationPlatforms) = postSolution
		{149ABBD3-756E-4E85-9778-FF8E65722733}.Debug|Any CPU.ActiveCfg = Debug|Any CPU
		{149ABBD3-756E-4E85-9778-FF8E65722733}.Debug|Any CPU.Build.0 = Debug|Any CPU
		{149ABBD3-756E-4E85-9778-FF8E65722733}.Release|Any CPU.ActiveCfg = Release|Any CPU
		{149ABBD3-756E-4E85-9778-FF8E65722733}.Release|Any CPU.Build.0 = Release|Any CPU
		{8B352C3E-5763-4A0C-93DA-49FC1CEB77C6}.Debug|Any CPU.ActiveCfg = Debug|Any CPU
		{8B352C3E-5763-4A0C-93DA-49FC1CEB77C6}.Debug|Any CPU.Build.0 = Debug|Any CPU
		{8B352C3E-5763-4A0C-93DA-49FC1CEB77C6}.Release|Any CPU.ActiveCfg = Release|Any CPU
		{8B352C3E-5763-4A0C-93DA-49FC1CEB77C6}.Release|Any CPU.Build.0 = Release|Any CPU
		{A3FEF1FE-33F9-4FD1-ACBB-610E5DFD3050}.Debug|Any CPU.ActiveCfg = Debug|Any CPU
		{A3FEF1FE-33F9-4FD1-ACBB-610E5DFD3050}.Debug|Any CPU.Build.0 = Debug|Any CPU
		{A3FEF1FE-33F9-4FD1-ACBB-610E5DFD3050}.Release|Any CPU.ActiveCfg = Release|Any CPU
		{A3FEF1FE-33F9-4FD1-ACBB-610E5DFD3050}.Release|Any CPU.Build.0 = Release|Any CPU
		{CCA5FC42-4D67-4AF1-9B3B-722E9FA08714}.Debug|Any CPU.ActiveCfg = Debug|Any CPU
		{CCA5FC42-4D67-4AF1-9B3B-722E9FA08714}.Debug|Any CPU.Build.0 = Debug|Any CPU
		{CCA5FC42-4D67-4AF1-9B3B-722E9FA08714}.Release|Any CPU.ActiveCfg = Release|Any CPU
		{CCA5FC42-4D67-4AF1-9B3B-722E9FA08714}.Release|Any CPU.Build.0 = Release|Any CPU
	EndGlobalSection
	GlobalSection(SolutionProperties) = preSolution
		HideSolutionNode = FALSE
	EndGlobalSection
	GlobalSection(ExtensibilityGlobals) = postSolution
		SolutionGuid = {B4F0FE13-6887-4626-A3DF-20C84D28C6F9}
	EndGlobalSection
EndGlobal
