
Microsoft Visual Studio Solution File, Format Version 12.00
# Visual Studio Version 17
VisualStudioVersion = 17.3.32811.315
MinimumVisualStudioVersion = 10.0.40219.1
Project("{FAE04EC0-301F-11D3-BF4B-00C04F79EFBC}") = "BasicWebServer.Server", "BasicWebServer.Server\BasicWebServer.Server.csproj", "{F9D8C396-C779-4A3A-BB24-7571EB88E695}"
EndProject
Project("{FAE04EC0-301F-11D3-BF4B-00C04F79EFBC}") = "BasicWebServer.Demo", "BasicWebServer.Demo\BasicWebServer.Demo.csproj", "{5EC06E7B-55AF-48DF-9690-E316D18560E3}"
EndProject
Global
	GlobalSection(SolutionConfigurationPlatforms) = preSolution
		Debug|Any CPU = Debug|Any CPU
		Release|Any CPU = Release|Any CPU
	EndGlobalSection
	GlobalSection(ProjectConfigurationPlatforms) = postSolution
		{F9D8C396-C779-4A3A-BB24-7571EB88E695}.Debug|Any CPU.ActiveCfg = Debug|Any CPU
		{F9D8C396-C779-4A3A-BB24-7571EB88E695}.Debug|Any CPU.Build.0 = Debug|Any CPU
		{F9D8C396-C779-4A3A-BB24-7571EB88E695}.Release|Any CPU.ActiveCfg = Release|Any CPU
		{F9D8C396-C779-4A3A-BB24-7571EB88E695}.Release|Any CPU.Build.0 = Release|Any CPU
		{5EC06E7B-55AF-48DF-9690-E316D18560E3}.Debug|Any CPU.ActiveCfg = Debug|Any CPU
		{5EC06E7B-55AF-48DF-9690-E316D18560E3}.Debug|Any CPU.Build.0 = Debug|Any CPU
		{5EC06E7B-55AF-48DF-9690-E316D18560E3}.Release|Any CPU.ActiveCfg = Release|Any CPU
		{5EC06E7B-55AF-48DF-9690-E316D18560E3}.Release|Any CPU.Build.0 = Release|Any CPU
	EndGlobalSection
	GlobalSection(SolutionProperties) = preSolution
		HideSolutionNode = FALSE
	EndGlobalSection
	GlobalSection(ExtensibilityGlobals) = postSolution
		SolutionGuid = {B5C57B1C-7D5E-442B-A11A-DCC0E9F027F4}
	EndGlobalSection
EndGlobal
