
Microsoft Visual Studio Solution File, Format Version 12.00
# Visual Studio Version 16
VisualStudioVersion = 16.0.809.10
MinimumVisualStudioVersion = 10.0.40219.1
Project("{FAE04EC0-301F-11D3-BF4B-00C04F79EFBC}") = "01.OldBooks", "01.OldBooks\01.OldBooks.csproj", "{1CDF6BF7-2A68-4339-8A24-7E27F5CF72B8}"
EndProject
Project("{FAE04EC0-301F-11D3-BF4B-00C04F79EFBC}") = "02.ExamPreparation", "02.ExamPreparation\02.ExamPreparation.csproj", "{EC451979-20F2-4146-8114-67B66A78EDEA}"
EndProject
Project("{FAE04EC0-301F-11D3-BF4B-00C04F79EFBC}") = "03.Vacation", "03.Vacation\03.Vacation.csproj", "{43BC2C50-4F89-4AB1-BDD1-A1F2669BEC8C}"
EndProject
Project("{FAE04EC0-301F-11D3-BF4B-00C04F79EFBC}") = "04.Walking", "04.Walking\04.Walking.csproj", "{99007973-F553-49EB-B3AE-B1D9C379E968}"
EndProject
Project("{FAE04EC0-301F-11D3-BF4B-00C04F79EFBC}") = "05.Coins", "05.Coins\05.Coins.csproj", "{27B6CAA0-3116-4CBF-BE7E-5C34F43A1D11}"
EndProject
Project("{FAE04EC0-301F-11D3-BF4B-00C04F79EFBC}") = "06.Cake", "06.Cake\06.Cake.csproj", "{F10479B3-C884-4DC9-A182-E67C5CA66E4F}"
EndProject
Global
	GlobalSection(SolutionConfigurationPlatforms) = preSolution
		Debug|Any CPU = Debug|Any CPU
		Release|Any CPU = Release|Any CPU
	EndGlobalSection
	GlobalSection(ProjectConfigurationPlatforms) = postSolution
		{1CDF6BF7-2A68-4339-8A24-7E27F5CF72B8}.Debug|Any CPU.ActiveCfg = Debug|Any CPU
		{1CDF6BF7-2A68-4339-8A24-7E27F5CF72B8}.Debug|Any CPU.Build.0 = Debug|Any CPU
		{1CDF6BF7-2A68-4339-8A24-7E27F5CF72B8}.Release|Any CPU.ActiveCfg = Release|Any CPU
		{1CDF6BF7-2A68-4339-8A24-7E27F5CF72B8}.Release|Any CPU.Build.0 = Release|Any CPU
		{EC451979-20F2-4146-8114-67B66A78EDEA}.Debug|Any CPU.ActiveCfg = Debug|Any CPU
		{EC451979-20F2-4146-8114-67B66A78EDEA}.Debug|Any CPU.Build.0 = Debug|Any CPU
		{EC451979-20F2-4146-8114-67B66A78EDEA}.Release|Any CPU.ActiveCfg = Release|Any CPU
		{EC451979-20F2-4146-8114-67B66A78EDEA}.Release|Any CPU.Build.0 = Release|Any CPU
		{43BC2C50-4F89-4AB1-BDD1-A1F2669BEC8C}.Debug|Any CPU.ActiveCfg = Debug|Any CPU
		{43BC2C50-4F89-4AB1-BDD1-A1F2669BEC8C}.Debug|Any CPU.Build.0 = Debug|Any CPU
		{43BC2C50-4F89-4AB1-BDD1-A1F2669BEC8C}.Release|Any CPU.ActiveCfg = Release|Any CPU
		{43BC2C50-4F89-4AB1-BDD1-A1F2669BEC8C}.Release|Any CPU.Build.0 = Release|Any CPU
		{99007973-F553-49EB-B3AE-B1D9C379E968}.Debug|Any CPU.ActiveCfg = Debug|Any CPU
		{99007973-F553-49EB-B3AE-B1D9C379E968}.Debug|Any CPU.Build.0 = Debug|Any CPU
		{99007973-F553-49EB-B3AE-B1D9C379E968}.Release|Any CPU.ActiveCfg = Release|Any CPU
		{99007973-F553-49EB-B3AE-B1D9C379E968}.Release|Any CPU.Build.0 = Release|Any CPU
		{27B6CAA0-3116-4CBF-BE7E-5C34F43A1D11}.Debug|Any CPU.ActiveCfg = Debug|Any CPU
		{27B6CAA0-3116-4CBF-BE7E-5C34F43A1D11}.Debug|Any CPU.Build.0 = Debug|Any CPU
		{27B6CAA0-3116-4CBF-BE7E-5C34F43A1D11}.Release|Any CPU.ActiveCfg = Release|Any CPU
		{27B6CAA0-3116-4CBF-BE7E-5C34F43A1D11}.Release|Any CPU.Build.0 = Release|Any CPU
		{F10479B3-C884-4DC9-A182-E67C5CA66E4F}.Debug|Any CPU.ActiveCfg = Debug|Any CPU
		{F10479B3-C884-4DC9-A182-E67C5CA66E4F}.Debug|Any CPU.Build.0 = Debug|Any CPU
		{F10479B3-C884-4DC9-A182-E67C5CA66E4F}.Release|Any CPU.ActiveCfg = Release|Any CPU
		{F10479B3-C884-4DC9-A182-E67C5CA66E4F}.Release|Any CPU.Build.0 = Release|Any CPU
	EndGlobalSection
	GlobalSection(SolutionProperties) = preSolution
		HideSolutionNode = FALSE
	EndGlobalSection
	GlobalSection(ExtensibilityGlobals) = postSolution
		SolutionGuid = {81277D58-A6B0-4EBF-8150-B9C839DA2BA7}
	EndGlobalSection
EndGlobal
