
Microsoft Visual Studio Solution File, Format Version 12.00
# Visual Studio Version 17
VisualStudioVersion = 17.3.32811.315
MinimumVisualStudioVersion = 10.0.40219.1
Project("{FAE04EC0-301F-11D3-BF4B-00C04F79EFBC}") = "AsyncDemo", "AsyncDemo\AsyncDemo.csproj", "{AA0DA494-FA64-4B0C-AD48-A94F6E136E27}"
EndProject
Global
	GlobalSection(SolutionConfigurationPlatforms) = preSolution
		Debug|Any CPU = Debug|Any CPU
		Release|Any CPU = Release|Any CPU
	EndGlobalSection
	GlobalSection(ProjectConfigurationPlatforms) = postSolution
		{AA0DA494-FA64-4B0C-AD48-A94F6E136E27}.Debug|Any CPU.ActiveCfg = Debug|Any CPU
		{AA0DA494-FA64-4B0C-AD48-A94F6E136E27}.Debug|Any CPU.Build.0 = Debug|Any CPU
		{AA0DA494-FA64-4B0C-AD48-A94F6E136E27}.Release|Any CPU.ActiveCfg = Release|Any CPU
		{AA0DA494-FA64-4B0C-AD48-A94F6E136E27}.Release|Any CPU.Build.0 = Release|Any CPU
	EndGlobalSection
	GlobalSection(SolutionProperties) = preSolution
		HideSolutionNode = FALSE
	EndGlobalSection
	GlobalSection(ExtensibilityGlobals) = postSolution
		SolutionGuid = {3381D3B1-1791-43A0-8945-8DB780AB947F}
	EndGlobalSection
EndGlobal
