
Microsoft Visual Studio Solution File, Format Version 12.00
# Visual Studio Version 16
VisualStudioVersion = 16.0.810.16
MinimumVisualStudioVersion = 10.0.40219.1
Project("{FAE04EC0-301F-11D3-BF4B-00C04F79EFBC}") = "boxOfT", "boxOfT\boxOfT.csproj", "{D9A2D3E5-0A95-40CD-804C-1E18FF92DE84}"
EndProject
Project("{FAE04EC0-301F-11D3-BF4B-00C04F79EFBC}") = "genericArrayCreator", "genericArrayCreator\genericArrayCreator.csproj", "{B364D4D0-5E9D-4496-ABEB-5735BCC567BC}"
EndProject
Project("{FAE04EC0-301F-11D3-BF4B-00C04F79EFBC}") = "genericScale", "genericScale\genericScale.csproj", "{B54DE463-A815-4782-8E6F-9B4F20550491}"
EndProject
Project("{FAE04EC0-301F-11D3-BF4B-00C04F79EFBC}") = "genericBoxOfString", "genericBoxOfString\genericBoxOfString.csproj", "{8D00234F-96DF-42BF-89B3-58999961502B}"
EndProject
Project("{FAE04EC0-301F-11D3-BF4B-00C04F79EFBC}") = "genericBoxOfInteger", "genericBoxOfInteger\genericBoxOfInteger.csproj", "{7E4A0FCE-441C-44BC-A282-4727D9B3F0EA}"
EndProject
Project("{FAE04EC0-301F-11D3-BF4B-00C04F79EFBC}") = "genericSwapMethodStrings", "genericSwapMethodStrings\genericSwapMethodStrings.csproj", "{FBF4FFB1-25BB-4470-89E2-F03FB00A4AA0}"
EndProject
Project("{FAE04EC0-301F-11D3-BF4B-00C04F79EFBC}") = "genericSwapMethodIntegers", "genericSwapMethodIntegers\genericSwapMethodIntegers.csproj", "{7A8BB815-5432-421D-A86B-24560FF9DE87}"
EndProject
Project("{FAE04EC0-301F-11D3-BF4B-00C04F79EFBC}") = "genericCountMethodStrings", "genericCountMethodStrings\genericCountMethodStrings.csproj", "{81DBF79D-C442-460A-96CD-2564A1B91C11}"
EndProject
Project("{FAE04EC0-301F-11D3-BF4B-00C04F79EFBC}") = "genericCountMethodDoubles", "genericCountMethodDoubles\genericCountMethodDoubles.csproj", "{CE648C00-20FB-49A8-ABAF-4D29848EA0EE}"
EndProject
Project("{FAE04EC0-301F-11D3-BF4B-00C04F79EFBC}") = "tuple", "tuple\tuple.csproj", "{0C479BA8-76B2-42A5-B984-3FF4FCA7F4BC}"
EndProject
Project("{FAE04EC0-301F-11D3-BF4B-00C04F79EFBC}") = "threeuple", "threeuple\threeuple.csproj", "{D8A2E43E-4BEB-4FBE-BB41-879E0343A20F}"
EndProject
Project("{FAE04EC0-301F-11D3-BF4B-00C04F79EFBC}") = "customLinkedList", "customLinkedList\customLinkedList.csproj", "{D225ED47-503D-4E5A-B3E5-275FE6945570}"
EndProject
Global
	GlobalSection(SolutionConfigurationPlatforms) = preSolution
		Debug|Any CPU = Debug|Any CPU
		Release|Any CPU = Release|Any CPU
	EndGlobalSection
	GlobalSection(ProjectConfigurationPlatforms) = postSolution
		{D9A2D3E5-0A95-40CD-804C-1E18FF92DE84}.Debug|Any CPU.ActiveCfg = Debug|Any CPU
		{D9A2D3E5-0A95-40CD-804C-1E18FF92DE84}.Debug|Any CPU.Build.0 = Debug|Any CPU
		{D9A2D3E5-0A95-40CD-804C-1E18FF92DE84}.Release|Any CPU.ActiveCfg = Release|Any CPU
		{D9A2D3E5-0A95-40CD-804C-1E18FF92DE84}.Release|Any CPU.Build.0 = Release|Any CPU
		{B364D4D0-5E9D-4496-ABEB-5735BCC567BC}.Debug|Any CPU.ActiveCfg = Debug|Any CPU
		{B364D4D0-5E9D-4496-ABEB-5735BCC567BC}.Debug|Any CPU.Build.0 = Debug|Any CPU
		{B364D4D0-5E9D-4496-ABEB-5735BCC567BC}.Release|Any CPU.ActiveCfg = Release|Any CPU
		{B364D4D0-5E9D-4496-ABEB-5735BCC567BC}.Release|Any CPU.Build.0 = Release|Any CPU
		{B54DE463-A815-4782-8E6F-9B4F20550491}.Debug|Any CPU.ActiveCfg = Debug|Any CPU
		{B54DE463-A815-4782-8E6F-9B4F20550491}.Debug|Any CPU.Build.0 = Debug|Any CPU
		{B54DE463-A815-4782-8E6F-9B4F20550491}.Release|Any CPU.ActiveCfg = Release|Any CPU
		{B54DE463-A815-4782-8E6F-9B4F20550491}.Release|Any CPU.Build.0 = Release|Any CPU
		{8D00234F-96DF-42BF-89B3-58999961502B}.Debug|Any CPU.ActiveCfg = Debug|Any CPU
		{8D00234F-96DF-42BF-89B3-58999961502B}.Debug|Any CPU.Build.0 = Debug|Any CPU
		{8D00234F-96DF-42BF-89B3-58999961502B}.Release|Any CPU.ActiveCfg = Release|Any CPU
		{8D00234F-96DF-42BF-89B3-58999961502B}.Release|Any CPU.Build.0 = Release|Any CPU
		{7E4A0FCE-441C-44BC-A282-4727D9B3F0EA}.Debug|Any CPU.ActiveCfg = Debug|Any CPU
		{7E4A0FCE-441C-44BC-A282-4727D9B3F0EA}.Debug|Any CPU.Build.0 = Debug|Any CPU
		{7E4A0FCE-441C-44BC-A282-4727D9B3F0EA}.Release|Any CPU.ActiveCfg = Release|Any CPU
		{7E4A0FCE-441C-44BC-A282-4727D9B3F0EA}.Release|Any CPU.Build.0 = Release|Any CPU
		{FBF4FFB1-25BB-4470-89E2-F03FB00A4AA0}.Debug|Any CPU.ActiveCfg = Debug|Any CPU
		{FBF4FFB1-25BB-4470-89E2-F03FB00A4AA0}.Debug|Any CPU.Build.0 = Debug|Any CPU
		{FBF4FFB1-25BB-4470-89E2-F03FB00A4AA0}.Release|Any CPU.ActiveCfg = Release|Any CPU
		{FBF4FFB1-25BB-4470-89E2-F03FB00A4AA0}.Release|Any CPU.Build.0 = Release|Any CPU
		{7A8BB815-5432-421D-A86B-24560FF9DE87}.Debug|Any CPU.ActiveCfg = Debug|Any CPU
		{7A8BB815-5432-421D-A86B-24560FF9DE87}.Debug|Any CPU.Build.0 = Debug|Any CPU
		{7A8BB815-5432-421D-A86B-24560FF9DE87}.Release|Any CPU.ActiveCfg = Release|Any CPU
		{7A8BB815-5432-421D-A86B-24560FF9DE87}.Release|Any CPU.Build.0 = Release|Any CPU
		{81DBF79D-C442-460A-96CD-2564A1B91C11}.Debug|Any CPU.ActiveCfg = Debug|Any CPU
		{81DBF79D-C442-460A-96CD-2564A1B91C11}.Debug|Any CPU.Build.0 = Debug|Any CPU
		{81DBF79D-C442-460A-96CD-2564A1B91C11}.Release|Any CPU.ActiveCfg = Release|Any CPU
		{81DBF79D-C442-460A-96CD-2564A1B91C11}.Release|Any CPU.Build.0 = Release|Any CPU
		{CE648C00-20FB-49A8-ABAF-4D29848EA0EE}.Debug|Any CPU.ActiveCfg = Debug|Any CPU
		{CE648C00-20FB-49A8-ABAF-4D29848EA0EE}.Debug|Any CPU.Build.0 = Debug|Any CPU
		{CE648C00-20FB-49A8-ABAF-4D29848EA0EE}.Release|Any CPU.ActiveCfg = Release|Any CPU
		{CE648C00-20FB-49A8-ABAF-4D29848EA0EE}.Release|Any CPU.Build.0 = Release|Any CPU
		{0C479BA8-76B2-42A5-B984-3FF4FCA7F4BC}.Debug|Any CPU.ActiveCfg = Debug|Any CPU
		{0C479BA8-76B2-42A5-B984-3FF4FCA7F4BC}.Debug|Any CPU.Build.0 = Debug|Any CPU
		{0C479BA8-76B2-42A5-B984-3FF4FCA7F4BC}.Release|Any CPU.ActiveCfg = Release|Any CPU
		{0C479BA8-76B2-42A5-B984-3FF4FCA7F4BC}.Release|Any CPU.Build.0 = Release|Any CPU
		{D8A2E43E-4BEB-4FBE-BB41-879E0343A20F}.Debug|Any CPU.ActiveCfg = Debug|Any CPU
		{D8A2E43E-4BEB-4FBE-BB41-879E0343A20F}.Debug|Any CPU.Build.0 = Debug|Any CPU
		{D8A2E43E-4BEB-4FBE-BB41-879E0343A20F}.Release|Any CPU.ActiveCfg = Release|Any CPU
		{D8A2E43E-4BEB-4FBE-BB41-879E0343A20F}.Release|Any CPU.Build.0 = Release|Any CPU
		{D225ED47-503D-4E5A-B3E5-275FE6945570}.Debug|Any CPU.ActiveCfg = Debug|Any CPU
		{D225ED47-503D-4E5A-B3E5-275FE6945570}.Debug|Any CPU.Build.0 = Debug|Any CPU
		{D225ED47-503D-4E5A-B3E5-275FE6945570}.Release|Any CPU.ActiveCfg = Release|Any CPU
		{D225ED47-503D-4E5A-B3E5-275FE6945570}.Release|Any CPU.Build.0 = Release|Any CPU
	EndGlobalSection
	GlobalSection(SolutionProperties) = preSolution
		HideSolutionNode = FALSE
	EndGlobalSection
	GlobalSection(ExtensibilityGlobals) = postSolution
		SolutionGuid = {EB90E6A8-7CCE-4FDD-945F-CF9470E9EBA5}
	EndGlobalSection
EndGlobal
