
Microsoft Visual Studio Solution File, Format Version 12.00
# Visual Studio Version 17
VisualStudioVersion = 17.2.32526.322
MinimumVisualStudioVersion = 10.0.40219.1
Project("{FAE04EC0-301F-11D3-BF4B-00C04F79EFBC}") = "EFCoreBestPractices", "EFCoreBestPractices\EFCoreBestPractices.csproj", "{93B9739A-3554-431B-B2EF-BE72B9E230AB}"
EndProject
Project("{FAE04EC0-301F-11D3-BF4B-00C04F79EFBC}") = "EFCoreBestPractices.Core", "EFCoreBestPractices.Core\EFCoreBestPractices.Core.csproj", "{32A27663-7D22-4660-B369-8F5301BDC64C}"
EndProject
Project("{FAE04EC0-301F-11D3-BF4B-00C04F79EFBC}") = "EFCoreBestPractices.Infrastructure", "EFCoreBestPractices.Infrastructure\EFCoreBestPractices.Infrastructure.csproj", "{EF36B8F6-0C4E-4E61-AC5E-10DD041289B4}"
EndProject
Global
	GlobalSection(SolutionConfigurationPlatforms) = preSolution
		Debug|Any CPU = Debug|Any CPU
		Release|Any CPU = Release|Any CPU
	EndGlobalSection
	GlobalSection(ProjectConfigurationPlatforms) = postSolution
		{93B9739A-3554-431B-B2EF-BE72B9E230AB}.Debug|Any CPU.ActiveCfg = Debug|Any CPU
		{93B9739A-3554-431B-B2EF-BE72B9E230AB}.Debug|Any CPU.Build.0 = Debug|Any CPU
		{93B9739A-3554-431B-B2EF-BE72B9E230AB}.Release|Any CPU.ActiveCfg = Release|Any CPU
		{93B9739A-3554-431B-B2EF-BE72B9E230AB}.Release|Any CPU.Build.0 = Release|Any CPU
		{32A27663-7D22-4660-B369-8F5301BDC64C}.Debug|Any CPU.ActiveCfg = Debug|Any CPU
		{32A27663-7D22-4660-B369-8F5301BDC64C}.Debug|Any CPU.Build.0 = Debug|Any CPU
		{32A27663-7D22-4660-B369-8F5301BDC64C}.Release|Any CPU.ActiveCfg = Release|Any CPU
		{32A27663-7D22-4660-B369-8F5301BDC64C}.Release|Any CPU.Build.0 = Release|Any CPU
		{EF36B8F6-0C4E-4E61-AC5E-10DD041289B4}.Debug|Any CPU.ActiveCfg = Debug|Any CPU
		{EF36B8F6-0C4E-4E61-AC5E-10DD041289B4}.Debug|Any CPU.Build.0 = Debug|Any CPU
		{EF36B8F6-0C4E-4E61-AC5E-10DD041289B4}.Release|Any CPU.ActiveCfg = Release|Any CPU
		{EF36B8F6-0C4E-4E61-AC5E-10DD041289B4}.Release|Any CPU.Build.0 = Release|Any CPU
	EndGlobalSection
	GlobalSection(SolutionProperties) = preSolution
		HideSolutionNode = FALSE
	EndGlobalSection
	GlobalSection(ExtensibilityGlobals) = postSolution
		SolutionGuid = {FDBB9EE1-B42D-4EF9-ACD7-D07EC5812D14}
	EndGlobalSection
EndGlobal
