
Microsoft Visual Studio Solution File, Format Version 12.00
# Visual Studio Version 17
VisualStudioVersion = 17.3.32929.385
MinimumVisualStudioVersion = 10.0.40219.1
Project("{FAE04EC0-301F-11D3-BF4B-00C04F79EFBC}") = "ForumApp", "ForumApp\ForumApp.csproj", "{5C3EE353-D871-43F7-9098-573B46CD5F0D}"
EndProject
Global
	GlobalSection(SolutionConfigurationPlatforms) = preSolution
		Debug|Any CPU = Debug|Any CPU
		Release|Any CPU = Release|Any CPU
	EndGlobalSection
	GlobalSection(ProjectConfigurationPlatforms) = postSolution
		{5C3EE353-D871-43F7-9098-573B46CD5F0D}.Debug|Any CPU.ActiveCfg = Debug|Any CPU
		{5C3EE353-D871-43F7-9098-573B46CD5F0D}.Debug|Any CPU.Build.0 = Debug|Any CPU
		{5C3EE353-D871-43F7-9098-573B46CD5F0D}.Release|Any CPU.ActiveCfg = Release|Any CPU
		{5C3EE353-D871-43F7-9098-573B46CD5F0D}.Release|Any CPU.Build.0 = Release|Any CPU
	EndGlobalSection
	GlobalSection(SolutionProperties) = preSolution
		HideSolutionNode = FALSE
	EndGlobalSection
	GlobalSection(ExtensibilityGlobals) = postSolution
		SolutionGuid = {04C8E1CD-72E0-44E8-8283-F899C4B48F58}
	EndGlobalSection
EndGlobal
